hash: 714fefaf17975e90e9fa472733004f572293d0d0711241308897752a1c318765
updated: 2018-03-14T16:07:14.116931588+01:00
imports:
- name: github.com/aristanetworks/goarista
  version: 9d5f8fbc1d1474756b2caee37393a1f2e59bd42c
  subpackages:
  - monotime
- name: github.com/astaxie/beego
  version: bf5c5626ab429e66d88602e1ab1ab5fbf4629a01
  subpackages:
  - config
  - context
  - context/param
  - grace
  - logs
  - session
  - toolbox
  - utils
- name: github.com/btcsuite/btcd
  version: 9aa9e79ebf7f11f1f70533c100e5c835a6af8c0f
  subpackages:
  - btcec
- name: github.com/ethereum/go-ethereum
  version: 1db4ecdc0b9e828ff65777fb466fc7c1d04e0de9
  subpackages:
  - accounts
  - accounts/abi
  - accounts/abi/bind
  - accounts/keystore
  - common
  - common/hexutil
  - common/math
  - common/mclock
  - core/types
  - crypto
  - crypto/ecies
  - crypto/randentropy
  - crypto/secp256k1
  - crypto/sha3
  - ethclient
  - event
  - log
  - metrics
  - p2p
  - p2p/discover
  - p2p/discv5
  - p2p/nat
  - p2p/netutil
  - params
  - rlp
  - rpc
  - trie
- name: github.com/getamis/eth-client
  version: e1c84550208d48654ab0f6aa309044cb56fd3aa1
  subpackages:
  - client
  - log
  - quorum
- name: github.com/go-stack/stack
  version: 259ab82a6cad3992b4e21ff5cac294ccb06474bc
- name: github.com/golang/snappy
  version: 553a641470496b2327abcac10b36396bd98e45c9
- name: github.com/huin/goupnp
  version: e25a5cc217cad359cb2c52d1529d5ad7489752c2
  subpackages:
  - dcps/internetgateway1
  - dcps/internetgateway2
  - httpu
  - scpd
  - soap
  - ssdp
- name: github.com/inconshreveable/log15
  version: 0decfc6c20d9ca0ad143b0e89dcaa20f810b4fb3
- name: github.com/jackpal/go-nat-pmp
  version: 28a68d0c24adce1da43f8df6a57340909ecd7fdd
- name: github.com/mattn/go-colorable
  version: efa589957cd060542a26d2dd7832fd6a6c6c3ade
- name: github.com/mattn/go-isatty
  version: 6ca4dbf54d38eea1a992b3c722a76a5d1c4cb25c
- name: github.com/pborman/uuid
  version: a97ce2ca70fa5a848076093f05e639a89ca34d06
- name: github.com/rcrowley/go-metrics
  version: 8732c616f52954686704c8645fe1a9d59e9df7c1
  subpackages:
  - exp
- name: github.com/rjeczalik/notify
  version: 27b537f07230b3f917421af6dcf044038dbe57e2
- name: github.com/rs/cors
  version: feef513b9575b32f84bafa580aad89b011259019
- name: github.com/syndtr/goleveldb
  version: 169b1b37be738edb2813dab48c97a549bcf99bb5
  subpackages:
  - leveldb
  - leveldb/cache
  - leveldb/comparer
  - leveldb/errors
  - leveldb/filter
  - leveldb/iterator
  - leveldb/journal
  - leveldb/memdb
  - leveldb/opt
  - leveldb/storage
  - leveldb/table
  - leveldb/util
- name: golang.org/x/crypto
  version: 1875d0a70c90e57f11972aefd42276df65e895b9
  subpackages:
  - pbkdf2
  - scrypt
- name: golang.org/x/net
  version: 0ed95abb35c445290478a5348a7b38bb154135fd
  subpackages:
  - html
  - html/atom
  - html/charset
  - websocket
- name: golang.org/x/sys
  version: 3dbebcf8efb6a5011a60c2b4591c1022a759af8a
  subpackages:
  - unix
- name: golang.org/x/text
  version: 6ddec15f6ad41e5f923285a7f51fb026349034d9
  subpackages:
  - encoding
  - encoding/charmap
  - encoding/htmlindex
  - encoding/internal
  - encoding/internal/identifier
  - encoding/japanese
  - encoding/korean
  - encoding/simplifiedchinese
  - encoding/traditionalchinese
  - encoding/unicode
  - internal/language
  - internal/language/compact
  - internal/tag
  - internal/utf8internal
  - language
  - runes
  - transform
- name: golang.org/x/tools
  version: 25101aadb97aa42907eee6a238d6d26a6cb3c756
  subpackages:
  - go/ast/astutil
  - imports
- name: gopkg.in/fatih/set.v0
  version: 168a5d71ba0669ae06888225478d73a113f1687e
- name: gopkg.in/karalabe/cookiejar.v2
  version: 8dcd6a7f4951f6ff3ee9cbb919a06d8925822e57
  subpackages:
  - collections/prque
- name: gopkg.in/natefinch/npipe.v2
  version: c1b8fa8bdccecb0b8db834ee0b92fdbcfa606dd6
testImports: []
